{
    "name": "quickjs-debugger",
    "version": "2.2.0",
    "lockfileVersion": 2,
    "requires": true,
    "packages": {
        "": {
            "name": "quickjs-debugger",
            "version": "2.2.0",
            "license": "MIT",
            "dependencies": {
                "@vscode/debugprotocol": "^1.68.0"
            },
            "bin": {
                "qjs-debugger": "dist/repl.js"
            },
            "devDependencies": {
                "@biomejs/biome": "2.3.6",
                "@minecraft/server": "^2.5.0-beta.1.21.130-preview.25",
                "@minecraft/server-gametest": "^1.0.0-beta.1.21.130-preview.25",
                "@types/node": "^24.10.1",
                "rimraf": "^6.1.2",
                "typescript": "^5.9.3"
            }
        },
        "node_modules/@biomejs/biome": {
            "version": "2.3.6",
            "resolved": "https://registry.npmjs.org/@biomejs/biome/-/biome-2.3.6.tgz",
            "integrity": "sha512-oqUhWyU6tae0MFsr/7iLe++QWRg+6jtUhlx9/0GmCWDYFFrK366sBLamNM7D9Y+c7YSynUFKr8lpEp1r6Sk7eA==",
            "dev": true,
            "license": "MIT OR Apache-2.0",
            "bin": {
                "biome": "bin/biome"
            },
            "engines": {
                "node": ">=14.21.3"
            },
            "funding": {
                "type": "opencollective",
                "url": "https://opencollective.com/biome"
            },
            "optionalDependencies": {
                "@biomejs/cli-darwin-arm64": "2.3.6",
                "@biomejs/cli-darwin-x64": "2.3.6",
                "@biomejs/cli-linux-arm64": "2.3.6",
                "@biomejs/cli-linux-arm64-musl": "2.3.6",
                "@biomejs/cli-linux-x64": "2.3.6",
                "@biomejs/cli-linux-x64-musl": "2.3.6",
                "@biomejs/cli-win32-arm64": "2.3.6",
                "@biomejs/cli-win32-x64": "2.3.6"
            }
        },
        "node_modules/@biomejs/cli-darwin-arm64": {
            "version": "2.3.6",
            "resolved": "https://registry.npmjs.org/@biomejs/cli-darwin-arm64/-/cli-darwin-arm64-2.3.6.tgz",
            "integrity": "sha512-P4JWE5d8UayBxYe197QJwyW4ZHp0B+zvRIGCusOm1WbxmlhpAQA1zEqQuunHgSIzvyEEp4TVxiKGXNFZPg7r9Q==",
            "cpu": [
                "arm64"
            ],
            "dev": true,
            "license": "MIT OR Apache-2.0",
            "optional": true,
            "os": [
                "darwin"
            ],
            "engines": {
                "node": ">=14.21.3"
            }
        },
        "node_modules/@biomejs/cli-darwin-x64": {
            "version": "2.3.6",
            "resolved": "https://registry.npmjs.org/@biomejs/cli-darwin-x64/-/cli-darwin-x64-2.3.6.tgz",
            "integrity": "sha512-I4rTebj+F/L9K93IU7yTFs8nQ6EhaCOivxduRha4w4WEZK80yoZ8OAdR1F33m4yJ/NfUuTUbP/Wjs+vKjlCoWA==",
            "cpu": [
                "x64"
            ],
            "dev": true,
            "license": "MIT OR Apache-2.0",
            "optional": true,
            "os": [
                "darwin"
            ],
            "engines": {
                "node": ">=14.21.3"
            }
        },
        "node_modules/@biomejs/cli-linux-arm64": {
            "version": "2.3.6",
            "resolved": "https://registry.npmjs.org/@biomejs/cli-linux-arm64/-/cli-linux-arm64-2.3.6.tgz",
            "integrity": "sha512-JjYy83eVBnvuINZiqyFO7xx72v8Srh4hsgaacSBCjC22DwM6+ZvnX1/fj8/SBiLuUOfZ8YhU2pfq2Dzakeyg1A==",
            "cpu": [
                "arm64"
            ],
            "dev": true,
            "license": "MIT OR Apache-2.0",
            "optional": true,
            "os": [
                "linux"
            ],
            "engines": {
                "node": ">=14.21.3"
            }
        },
        "node_modules/@biomejs/cli-linux-arm64-musl": {
            "version": "2.3.6",
            "resolved": "https://registry.npmjs.org/@biomejs/cli-linux-arm64-musl/-/cli-linux-arm64-musl-2.3.6.tgz",
            "integrity": "sha512-oK1NpIXIixbJ/4Tcx40cwiieqah6rRUtMGOHDeK2ToT7yUFVEvXUGRKqH0O4hqZ9tW8TcXNZKfgRH6xrsjVtGg==",
            "cpu": [
                "arm64"
            ],
            "dev": true,
            "license": "MIT OR Apache-2.0",
            "optional": true,
            "os": [
                "linux"
            ],
            "engines": {
                "node": ">=14.21.3"
            }
        },
        "node_modules/@biomejs/cli-linux-x64": {
            "version": "2.3.6",
            "resolved": "https://registry.npmjs.org/@biomejs/cli-linux-x64/-/cli-linux-x64-2.3.6.tgz",
            "integrity": "sha512-ZjPXzy5yN9wusIoX+8Zp4p6cL8r0NzJCXg/4r1KLVveIPXd2jKVlqZ6ZyzEq385WwU3OX5KOwQYLQsOc788waQ==",
            "cpu": [
                "x64"
            ],
            "dev": true,
            "license": "MIT OR Apache-2.0",
            "optional": true,
            "os": [
                "linux"
            ],
            "engines": {
                "node": ">=14.21.3"
            }
        },
        "node_modules/@biomejs/cli-linux-x64-musl": {
            "version": "2.3.6",
            "resolved": "https://registry.npmjs.org/@biomejs/cli-linux-x64-musl/-/cli-linux-x64-musl-2.3.6.tgz",
            "integrity": "sha512-QvxB8GHQeaO4FCtwJpJjCgJkbHBbWxRHUxQlod+xeaYE6gtJdSkYkuxdKAQUZEOIsec+PeaDAhW9xjzYbwmOFA==",
            "cpu": [
                "x64"
            ],
            "dev": true,
            "license": "MIT OR Apache-2.0",
            "optional": true,
            "os": [
                "linux"
            ],
            "engines": {
                "node": ">=14.21.3"
            }
        },
        "node_modules/@biomejs/cli-win32-arm64": {
            "version": "2.3.6",
            "resolved": "https://registry.npmjs.org/@biomejs/cli-win32-arm64/-/cli-win32-arm64-2.3.6.tgz",
            "integrity": "sha512-YM7hLHpwjdt8R7+O2zS1Vo2cKgqEeptiXB1tWW1rgjN5LlpZovBVKtg7zfwfRrFx3i08aNZThYpTcowpTlczug==",
            "cpu": [
                "arm64"
            ],
            "dev": true,
            "license": "MIT OR Apache-2.0",
            "optional": true,
            "os": [
                "win32"
            ],
            "engines": {
                "node": ">=14.21.3"
            }
        },
        "node_modules/@biomejs/cli-win32-x64": {
            "version": "2.3.6",
            "resolved": "https://registry.npmjs.org/@biomejs/cli-win32-x64/-/cli-win32-x64-2.3.6.tgz",
            "integrity": "sha512-psgNEYgMAobY5h+QHRBVR9xvg2KocFuBKm6axZWB/aD12NWhQjiVFQUjV6wMXhlH4iT0Q9c3yK5JFRiDC/rzHA==",
            "cpu": [
                "x64"
            ],
            "dev": true,
            "license": "MIT OR Apache-2.0",
            "optional": true,
            "os": [
                "win32"
            ],
            "engines": {
                "node": ">=14.21.3"
            }
        },
        "node_modules/@isaacs/balanced-match": {
            "version": "4.0.1",
            "resolved": "https://registry.npmjs.org/@isaacs/balanced-match/-/balanced-match-4.0.1.tgz",
            "integrity": "sha512-yzMTt9lEb8Gv7zRioUilSglI0c0smZ9k5D65677DLWLtWJaXIS3CqcGyUFByYKlnUj6TkjLVs54fBl6+TiGQDQ==",
            "dev": true,
            "license": "MIT",
            "engines": {
                "node": "20 || >=22"
            }
        },
        "node_modules/@isaacs/brace-expansion": {
            "version": "5.0.0",
            "resolved": "https://registry.npmjs.org/@isaacs/brace-expansion/-/brace-expansion-5.0.0.tgz",
            "integrity": "sha512-ZT55BDLV0yv0RBm2czMiZ+SqCGO7AvmOM3G/w2xhVPH+te0aKgFjmBvGlL1dH+ql2tgGO3MVrbb3jCKyvpgnxA==",
            "dev": true,
            "license": "MIT",
            "dependencies": {
                "@isaacs/balanced-match": "^4.0.1"
            },
            "engines": {
                "node": "20 || >=22"
            }
        },
        "node_modules/@minecraft/common": {
            "version": "1.2.0",
            "resolved": "https://registry.npmjs.org/@minecraft/common/-/common-1.2.0.tgz",
            "integrity": "sha512-JdmEq4P3Z/FtoBzhLijFgMSVFnFRrUoLwY8DHHrgtFo0mfLTOLTB1RErYjLMsA6b7BGVNxkX/pfFRiH7QZ0XwQ==",
            "dev": true,
            "license": "MIT",
            "peer": true
        },
        "node_modules/@minecraft/server": {
            "version": "2.5.0-beta.1.21.130-preview.25",
            "resolved": "https://registry.npmjs.org/@minecraft/server/-/server-2.5.0-beta.1.21.130-preview.25.tgz",
            "integrity": "sha512-SX86BemnWphmPVMgQURKovo/CR60TyFlE/tlCBnCgwdMjKqSn+JWHDYnpASWYA+KacgOHNvMalifMK7pmiSnsQ==",
            "dev": true,
            "license": "MIT",
            "peerDependencies": {
                "@minecraft/common": "^1.2.0",
                "@minecraft/vanilla-data": ">=1.20.70 || 1.21.130-preview.25"
            }
        },
        "node_modules/@minecraft/server-gametest": {
            "version": "1.0.0-beta.1.21.130-preview.25",
            "resolved": "https://registry.npmjs.org/@minecraft/server-gametest/-/server-gametest-1.0.0-beta.1.21.130-preview.25.tgz",
            "integrity": "sha512-SL1Wws7p7JIFt3vr+AR5iWLhRT5TS8DV0TLjtGLJC64hG0ER5fMfaJMr8dfqGN3xWD6ZIJyeWlrpKm1hevejkQ==",
            "dev": true,
            "license": "MIT",
            "peerDependencies": {
                "@minecraft/common": "^1.0.0",
                "@minecraft/server": "^1.17.0 || ^2.0.0 || ^2.5.0-beta.1.21.130-preview.25"
            }
        },
        "node_modules/@minecraft/vanilla-data": {
            "version": "1.21.120",
            "resolved": "https://registry.npmjs.org/@minecraft/vanilla-data/-/vanilla-data-1.21.120.tgz",
            "integrity": "sha512-Ku2oGRngFsJ/w34Fkx3T5BP5LnMGapKtrxO0ftVQFab8ipc9Yli+65B4MzorqH4zmcmoxyT1RE/1CA9JLfYEpw==",
            "dev": true,
            "license": "MIT",
            "peer": true
        },
        "node_modules/@types/node": {
            "version": "24.10.1",
            "resolved": "https://registry.npmjs.org/@types/node/-/node-24.10.1.tgz",
            "integrity": "sha512-GNWcUTRBgIRJD5zj+Tq0fKOJ5XZajIiBroOF0yvj2bSU1WvNdYS/dn9UxwsujGW4JX06dnHyjV2y9rRaybH0iQ==",
            "dev": true,
            "license": "MIT",
            "dependencies": {
                "undici-types": "~7.16.0"
            }
        },
        "node_modules/@vscode/debugprotocol": {
            "version": "1.68.0",
            "resolved": "https://registry.npmjs.org/@vscode/debugprotocol/-/debugprotocol-1.68.0.tgz",
            "integrity": "sha512-2J27dysaXmvnfuhFGhfeuxfHRXunqNPxtBoR3koiTOA9rdxWNDTa1zIFLCFMSHJ9MPTPKFcBeblsyaCJCIlQxg==",
            "license": "MIT"
        },
        "node_modules/glob": {
            "version": "13.0.0",
            "resolved": "https://registry.npmjs.org/glob/-/glob-13.0.0.tgz",
            "integrity": "sha512-tvZgpqk6fz4BaNZ66ZsRaZnbHvP/jG3uKJvAZOwEVUL4RTA5nJeeLYfyN9/VA8NX/V3IBG+hkeuGpKjvELkVhA==",
            "dev": true,
            "license": "BlueOak-1.0.0",
            "dependencies": {
                "minimatch": "^10.1.1",
                "minipass": "^7.1.2",
                "path-scurry": "^2.0.0"
            },
            "engines": {
                "node": "20 || >=22"
            },
            "funding": {
                "url": "https://github.com/sponsors/isaacs"
            }
        },
        "node_modules/lru-cache": {
            "version": "11.2.2",
            "resolved": "https://registry.npmjs.org/lru-cache/-/lru-cache-11.2.2.tgz",
            "integrity": "sha512-F9ODfyqML2coTIsQpSkRHnLSZMtkU8Q+mSfcaIyKwy58u+8k5nvAYeiNhsyMARvzNcXJ9QfWVrcPsC9e9rAxtg==",
            "dev": true,
            "license": "ISC",
            "engines": {
                "node": "20 || >=22"
            }
        },
        "node_modules/minimatch": {
            "version": "10.1.1",
            "resolved": "https://registry.npmjs.org/minimatch/-/minimatch-10.1.1.tgz",
            "integrity": "sha512-enIvLvRAFZYXJzkCYG5RKmPfrFArdLv+R+lbQ53BmIMLIry74bjKzX6iHAm8WYamJkhSSEabrWN5D97XnKObjQ==",
            "dev": true,
            "license": "BlueOak-1.0.0",
            "dependencies": {
                "@isaacs/brace-expansion": "^5.0.0"
            },
            "engines": {
                "node": "20 || >=22"
            },
            "funding": {
                "url": "https://github.com/sponsors/isaacs"
            }
        },
        "node_modules/minipass": {
            "version": "7.1.2",
            "resolved": "https://registry.npmjs.org/minipass/-/minipass-7.1.2.tgz",
            "integrity": "sha512-qOOzS1cBTWYF4BH8fVePDBOO9iptMnGUEZwNc/cMWnTV2nVLZ7VoNWEPHkYczZA0pdoA7dl6e7FL659nX9S2aw==",
            "dev": true,
            "license": "ISC",
            "engines": {
                "node": ">=16 || 14 >=14.17"
            }
        },
        "node_modules/package-json-from-dist": {
            "version": "1.0.1",
            "resolved": "https://registry.npmjs.org/package-json-from-dist/-/package-json-from-dist-1.0.1.tgz",
            "integrity": "sha512-UEZIS3/by4OC8vL3P2dTXRETpebLI2NiI5vIrjaD/5UtrkFX/tNbwjTSRAGC/+7CAo2pIcBaRgWmcBBHcsaCIw==",
            "dev": true,
            "license": "BlueOak-1.0.0"
        },
        "node_modules/path-scurry": {
            "version": "2.0.1",
            "resolved": "https://registry.npmjs.org/path-scurry/-/path-scurry-2.0.1.tgz",
            "integrity": "sha512-oWyT4gICAu+kaA7QWk/jvCHWarMKNs6pXOGWKDTr7cw4IGcUbW+PeTfbaQiLGheFRpjo6O9J0PmyMfQPjH71oA==",
            "dev": true,
            "license": "BlueOak-1.0.0",
            "dependencies": {
                "lru-cache": "^11.0.0",
                "minipass": "^7.1.2"
            },
            "engines": {
                "node": "20 || >=22"
            },
            "funding": {
                "url": "https://github.com/sponsors/isaacs"
            }
        },
        "node_modules/rimraf": {
            "version": "6.1.2",
            "resolved": "https://registry.npmjs.org/rimraf/-/rimraf-6.1.2.tgz",
            "integrity": "sha512-cFCkPslJv7BAXJsYlK1dZsbP8/ZNLkCAQ0bi1hf5EKX2QHegmDFEFA6QhuYJlk7UDdc+02JjO80YSOrWPpw06g==",
            "dev": true,
            "license": "BlueOak-1.0.0",
            "dependencies": {
                "glob": "^13.0.0",
                "package-json-from-dist": "^1.0.1"
            },
            "bin": {
                "rimraf": "dist/esm/bin.mjs"
            },
            "engines": {
                "node": "20 || >=22"
            },
            "funding": {
                "url": "https://github.com/sponsors/isaacs"
            }
        },
        "node_modules/typescript": {
            "version": "5.9.3",
            "resolved": "https://registry.npmjs.org/typescript/-/typescript-5.9.3.tgz",
            "integrity": "sha512-jl1vZzPDinLr9eUt3J/t7V6FgNEw9QjvBPdysz9KfQDD41fQrC2Y4vKQdiaUpFT4bXlb1RHhLpp8wtm6M5TgSw==",
            "dev": true,
            "license": "Apache-2.0",
            "bin": {
                "tsc": "bin/tsc",
                "tsserver": "bin/tsserver"
            },
            "engines": {
                "node": ">=14.17"
            }
        },
        "node_modules/undici-types": {
            "version": "7.16.0",
            "resolved": "https://registry.npmjs.org/undici-types/-/undici-types-7.16.0.tgz",
            "integrity": "sha512-Zz+aZWSj8LE6zoxD+xrjh4VfkIG8Ya6LvYkZqtUQGJPZjYl53ypCaUwWqo7eI0x66KBGeRo+mlBEkMSeSZ38Nw==",
            "dev": true,
            "license": "MIT"
        }
    },
    "dependencies": {
        "@biomejs/biome": {
            "version": "2.3.6",
            "resolved": "https://registry.npmjs.org/@biomejs/biome/-/biome-2.3.6.tgz",
            "integrity": "sha512-oqUhWyU6tae0MFsr/7iLe++QWRg+6jtUhlx9/0GmCWDYFFrK366sBLamNM7D9Y+c7YSynUFKr8lpEp1r6Sk7eA==",
            "dev": true,
            "requires": {
                "@biomejs/cli-darwin-arm64": "2.3.6",
                "@biomejs/cli-darwin-x64": "2.3.6",
                "@biomejs/cli-linux-arm64": "2.3.6",
                "@biomejs/cli-linux-arm64-musl": "2.3.6",
                "@biomejs/cli-linux-x64": "2.3.6",
                "@biomejs/cli-linux-x64-musl": "2.3.6",
                "@biomejs/cli-win32-arm64": "2.3.6",
                "@biomejs/cli-win32-x64": "2.3.6"
            }
        },
        "@biomejs/cli-darwin-arm64": {
            "version": "2.3.6",
            "resolved": "https://registry.npmjs.org/@biomejs/cli-darwin-arm64/-/cli-darwin-arm64-2.3.6.tgz",
            "integrity": "sha512-P4JWE5d8UayBxYe197QJwyW4ZHp0B+zvRIGCusOm1WbxmlhpAQA1zEqQuunHgSIzvyEEp4TVxiKGXNFZPg7r9Q==",
            "dev": true,
            "optional": true
        },
        "@biomejs/cli-darwin-x64": {
            "version": "2.3.6",
            "resolved": "https://registry.npmjs.org/@biomejs/cli-darwin-x64/-/cli-darwin-x64-2.3.6.tgz",
            "integrity": "sha512-I4rTebj+F/L9K93IU7yTFs8nQ6EhaCOivxduRha4w4WEZK80yoZ8OAdR1F33m4yJ/NfUuTUbP/Wjs+vKjlCoWA==",
            "dev": true,
            "optional": true
        },
        "@biomejs/cli-linux-arm64": {
            "version": "2.3.6",
            "resolved": "https://registry.npmjs.org/@biomejs/cli-linux-arm64/-/cli-linux-arm64-2.3.6.tgz",
            "integrity": "sha512-JjYy83eVBnvuINZiqyFO7xx72v8Srh4hsgaacSBCjC22DwM6+ZvnX1/fj8/SBiLuUOfZ8YhU2pfq2Dzakeyg1A==",
            "dev": true,
            "optional": true
        },
        "@biomejs/cli-linux-arm64-musl": {
            "version": "2.3.6",
            "resolved": "https://registry.npmjs.org/@biomejs/cli-linux-arm64-musl/-/cli-linux-arm64-musl-2.3.6.tgz",
            "integrity": "sha512-oK1NpIXIixbJ/4Tcx40cwiieqah6rRUtMGOHDeK2ToT7yUFVEvXUGRKqH0O4hqZ9tW8TcXNZKfgRH6xrsjVtGg==",
            "dev": true,
            "optional": true
        },
        "@biomejs/cli-linux-x64": {
            "version": "2.3.6",
            "resolved": "https://registry.npmjs.org/@biomejs/cli-linux-x64/-/cli-linux-x64-2.3.6.tgz",
            "integrity": "sha512-ZjPXzy5yN9wusIoX+8Zp4p6cL8r0NzJCXg/4r1KLVveIPXd2jKVlqZ6ZyzEq385WwU3OX5KOwQYLQsOc788waQ==",
            "dev": true,
            "optional": true
        },
        "@biomejs/cli-linux-x64-musl": {
            "version": "2.3.6",
            "resolved": "https://registry.npmjs.org/@biomejs/cli-linux-x64-musl/-/cli-linux-x64-musl-2.3.6.tgz",
            "integrity": "sha512-QvxB8GHQeaO4FCtwJpJjCgJkbHBbWxRHUxQlod+xeaYE6gtJdSkYkuxdKAQUZEOIsec+PeaDAhW9xjzYbwmOFA==",
            "dev": true,
            "optional": true
        },
        "@biomejs/cli-win32-arm64": {
            "version": "2.3.6",
            "resolved": "https://registry.npmjs.org/@biomejs/cli-win32-arm64/-/cli-win32-arm64-2.3.6.tgz",
            "integrity": "sha512-YM7hLHpwjdt8R7+O2zS1Vo2cKgqEeptiXB1tWW1rgjN5LlpZovBVKtg7zfwfRrFx3i08aNZThYpTcowpTlczug==",
            "dev": true,
            "optional": true
        },
        "@biomejs/cli-win32-x64": {
            "version": "2.3.6",
            "resolved": "https://registry.npmjs.org/@biomejs/cli-win32-x64/-/cli-win32-x64-2.3.6.tgz",
            "integrity": "sha512-psgNEYgMAobY5h+QHRBVR9xvg2KocFuBKm6axZWB/aD12NWhQjiVFQUjV6wMXhlH4iT0Q9c3yK5JFRiDC/rzHA==",
            "dev": true,
            "optional": true
        },
        "@isaacs/balanced-match": {
            "version": "4.0.1",
            "resolved": "https://registry.npmjs.org/@isaacs/balanced-match/-/balanced-match-4.0.1.tgz",
            "integrity": "sha512-yzMTt9lEb8Gv7zRioUilSglI0c0smZ9k5D65677DLWLtWJaXIS3CqcGyUFByYKlnUj6TkjLVs54fBl6+TiGQDQ==",
            "dev": true
        },
        "@isaacs/brace-expansion": {
            "version": "5.0.0",
            "resolved": "https://registry.npmjs.org/@isaacs/brace-expansion/-/brace-expansion-5.0.0.tgz",
            "integrity": "sha512-ZT55BDLV0yv0RBm2czMiZ+SqCGO7AvmOM3G/w2xhVPH+te0aKgFjmBvGlL1dH+ql2tgGO3MVrbb3jCKyvpgnxA==",
            "dev": true,
            "requires": {
                "@isaacs/balanced-match": "^4.0.1"
            }
        },
        "@minecraft/common": {
            "version": "1.2.0",
            "resolved": "https://registry.npmjs.org/@minecraft/common/-/common-1.2.0.tgz",
            "integrity": "sha512-JdmEq4P3Z/FtoBzhLijFgMSVFnFRrUoLwY8DHHrgtFo0mfLTOLTB1RErYjLMsA6b7BGVNxkX/pfFRiH7QZ0XwQ==",
            "dev": true,
            "peer": true
        },
        "@minecraft/server": {
            "version": "2.5.0-beta.1.21.130-preview.25",
            "resolved": "https://registry.npmjs.org/@minecraft/server/-/server-2.5.0-beta.1.21.130-preview.25.tgz",
            "integrity": "sha512-SX86BemnWphmPVMgQURKovo/CR60TyFlE/tlCBnCgwdMjKqSn+JWHDYnpASWYA+KacgOHNvMalifMK7pmiSnsQ==",
            "dev": true,
            "requires": {}
        },
        "@minecraft/server-gametest": {
            "version": "1.0.0-beta.1.21.130-preview.25",
            "resolved": "https://registry.npmjs.org/@minecraft/server-gametest/-/server-gametest-1.0.0-beta.1.21.130-preview.25.tgz",
            "integrity": "sha512-SL1Wws7p7JIFt3vr+AR5iWLhRT5TS8DV0TLjtGLJC64hG0ER5fMfaJMr8dfqGN3xWD6ZIJyeWlrpKm1hevejkQ==",
            "dev": true,
            "requires": {}
        },
        "@minecraft/vanilla-data": {
            "version": "1.21.120",
            "resolved": "https://registry.npmjs.org/@minecraft/vanilla-data/-/vanilla-data-1.21.120.tgz",
            "integrity": "sha512-Ku2oGRngFsJ/w34Fkx3T5BP5LnMGapKtrxO0ftVQFab8ipc9Yli+65B4MzorqH4zmcmoxyT1RE/1CA9JLfYEpw==",
            "dev": true,
            "peer": true
        },
        "@types/node": {
            "version": "24.10.1",
            "resolved": "https://registry.npmjs.org/@types/node/-/node-24.10.1.tgz",
            "integrity": "sha512-GNWcUTRBgIRJD5zj+Tq0fKOJ5XZajIiBroOF0yvj2bSU1WvNdYS/dn9UxwsujGW4JX06dnHyjV2y9rRaybH0iQ==",
            "dev": true,
            "requires": {
                "undici-types": "~7.16.0"
            }
        },
        "@vscode/debugprotocol": {
            "version": "1.68.0",
            "resolved": "https://registry.npmjs.org/@vscode/debugprotocol/-/debugprotocol-1.68.0.tgz",
            "integrity": "sha512-2J27dysaXmvnfuhFGhfeuxfHRXunqNPxtBoR3koiTOA9rdxWNDTa1zIFLCFMSHJ9MPTPKFcBeblsyaCJCIlQxg=="
        },
        "glob": {
            "version": "13.0.0",
            "resolved": "https://registry.npmjs.org/glob/-/glob-13.0.0.tgz",
            "integrity": "sha512-tvZgpqk6fz4BaNZ66ZsRaZnbHvP/jG3uKJvAZOwEVUL4RTA5nJeeLYfyN9/VA8NX/V3IBG+hkeuGpKjvELkVhA==",
            "dev": true,
            "requires": {
                "minimatch": "^10.1.1",
                "minipass": "^7.1.2",
                "path-scurry": "^2.0.0"
            }
        },
        "lru-cache": {
            "version": "11.2.2",
            "resolved": "https://registry.npmjs.org/lru-cache/-/lru-cache-11.2.2.tgz",
            "integrity": "sha512-F9ODfyqML2coTIsQpSkRHnLSZMtkU8Q+mSfcaIyKwy58u+8k5nvAYeiNhsyMARvzNcXJ9QfWVrcPsC9e9rAxtg==",
            "dev": true
        },
        "minimatch": {
            "version": "10.1.1",
            "resolved": "https://registry.npmjs.org/minimatch/-/minimatch-10.1.1.tgz",
            "integrity": "sha512-enIvLvRAFZYXJzkCYG5RKmPfrFArdLv+R+lbQ53BmIMLIry74bjKzX6iHAm8WYamJkhSSEabrWN5D97XnKObjQ==",
            "dev": true,
            "requires": {
                "@isaacs/brace-expansion": "^5.0.0"
            }
        },
        "minipass": {
            "version": "7.1.2",
            "resolved": "https://registry.npmjs.org/minipass/-/minipass-7.1.2.tgz",
            "integrity": "sha512-qOOzS1cBTWYF4BH8fVePDBOO9iptMnGUEZwNc/cMWnTV2nVLZ7VoNWEPHkYczZA0pdoA7dl6e7FL659nX9S2aw==",
            "dev": true
        },
        "package-json-from-dist": {
            "version": "1.0.1",
            "resolved": "https://registry.npmjs.org/package-json-from-dist/-/package-json-from-dist-1.0.1.tgz",
            "integrity": "sha512-UEZIS3/by4OC8vL3P2dTXRETpebLI2NiI5vIrjaD/5UtrkFX/tNbwjTSRAGC/+7CAo2pIcBaRgWmcBBHcsaCIw==",
            "dev": true
        },
        "path-scurry": {
            "version": "2.0.1",
            "resolved": "https://registry.npmjs.org/path-scurry/-/path-scurry-2.0.1.tgz",
            "integrity": "sha512-oWyT4gICAu+kaA7QWk/jvCHWarMKNs6pXOGWKDTr7cw4IGcUbW+PeTfbaQiLGheFRpjo6O9J0PmyMfQPjH71oA==",
            "dev": true,
            "requires": {
                "lru-cache": "^11.0.0",
                "minipass": "^7.1.2"
            }
        },
        "rimraf": {
            "version": "6.1.2",
            "resolved": "https://registry.npmjs.org/rimraf/-/rimraf-6.1.2.tgz",
            "integrity": "sha512-cFCkPslJv7BAXJsYlK1dZsbP8/ZNLkCAQ0bi1hf5EKX2QHegmDFEFA6QhuYJlk7UDdc+02JjO80YSOrWPpw06g==",
            "dev": true,
            "requires": {
                "glob": "^13.0.0",
                "package-json-from-dist": "^1.0.1"
            }
        },
        "typescript": {
            "version": "5.9.3",
            "resolved": "https://registry.npmjs.org/typescript/-/typescript-5.9.3.tgz",
            "integrity": "sha512-jl1vZzPDinLr9eUt3J/t7V6FgNEw9QjvBPdysz9KfQDD41fQrC2Y4vKQdiaUpFT4bXlb1RHhLpp8wtm6M5TgSw==",
            "dev": true
        },
        "undici-types": {
            "version": "7.16.0",
            "resolved": "https://registry.npmjs.org/undici-types/-/undici-types-7.16.0.tgz",
            "integrity": "sha512-Zz+aZWSj8LE6zoxD+xrjh4VfkIG8Ya6LvYkZqtUQGJPZjYl53ypCaUwWqo7eI0x66KBGeRo+mlBEkMSeSZ38Nw==",
            "dev": true
        }
    }
}
